{
  "version": 4,
  "terraform_version": "1.1.9",
  "serial": 240,
  "lineage": "37a61e9a-8872-796e-d994-140e940bff92",
  "outputs": {},
  "resources": [
    {
      "mode": "data",
      "type": "archive_file",
      "name": "lambda-zip",
      "provider": "provider[\"registry.terraform.io/hashicorp/archive\"]",
      "instances": [
        {
          "schema_version": 0,
          "attributes": {
            "excludes": null,
            "id": "2eb4974057bf355bfebef5f9edd2582e3c511fe5",
            "output_base64sha256": "mbIDfnQD0HkmrlKYONi8YaOu93RzUqyhWlXblC1A5to=",
            "output_file_mode": null,
            "output_md5": "3b5c336c9c73456a2594cad1123dbea3",
            "output_path": "/tmp/lambda_zip_file.zip",
            "output_sha": "2eb4974057bf355bfebef5f9edd2582e3c511fe5",
            "output_size": 544,
            "source": [
              {
                "content": "import json\nimport boto3\n\ndynamodb = boto3.resource('dynamodb')\ntable = dynamodb.Table('') #pass db table name as a environement variable or SSM parameter\n\n\ndef lambda_handler(event, context):\n\n    response = table.get_item(Key = {'PageVisits:': 'visitors', } )\n\n    count = response[\"Item\"][\"VisitCount\"]\n    print(\"Get Response = \", response)\n    print( \"Count = \", count)\n\n    # increment string version of VisitCount\n    new_count = str(int(count)+1)\n    response = table.update_item(\n        Key={'PageVisits': 'visitors'},\n        UpdateExpression='set VisitCount = :val',\n        ExpressionAttributeValues={':val': new_count},\n        ReturnValues='UPDATED_NEW'\n        )\n\n    print(\"Update Response =  \", response)\n    return {\n        'statusCode': 200,\n        'body': new_count\n    }",
                "filename": "lambda.py"
              }
            ],
            "source_content": null,
            "source_content_filename": null,
            "source_dir": null,
            "source_file": null,
            "type": "zip"
          },
          "sensitive_attributes": []
        }
      ]
    },
    {
      "mode": "data",
      "type": "aws_iam_policy_document",
      "name": "s3_policy",
      "provider": "provider[\"registry.terraform.io/hashicorp/aws\"]",
      "instances": [
        {
          "schema_version": 0,
          "attributes": {
            "id": "255442755",
            "json": "{\n  \"Version\": \"2012-10-17\",\n  \"Statement\": [\n    {\n      \"Sid\": \"\",\n      \"Effect\": \"Allow\",\n      \"Action\": \"s3:GetObject\",\n      \"Resource\": [\n        \"arn:aws:s3:::resume-pauldesalvo-bucket/*\",\n        \"arn:aws:s3:::resume-pauldesalvo-bucket\"\n      ],\n      \"Principal\": {\n        \"AWS\": \"arn:aws:iam::cloudfront:user/CloudFront Origin Access Identity E2PNMZHM3WRDWP\"\n      }\n    }\n  ]\n}",
            "override_json": null,
            "override_policy_documents": null,
            "policy_id": null,
            "source_json": null,
            "source_policy_documents": null,
            "statement": [
              {
                "actions": [
                  "s3:GetObject"
                ],
                "condition": [],
                "effect": "Allow",
                "not_actions": [],
                "not_principals": [],
                "not_resources": [],
                "principals": [
                  {
                    "identifiers": [
                      "arn:aws:iam::cloudfront:user/CloudFront Origin Access Identity E2PNMZHM3WRDWP"
                    ],
                    "type": "AWS"
                  }
                ],
                "resources": [
                  "arn:aws:s3:::resume-pauldesalvo-bucket",
                  "arn:aws:s3:::resume-pauldesalvo-bucket/*"
                ],
                "sid": ""
              }
            ],
            "version": "2012-10-17"
          },
          "sensitive_attributes": []
        }
      ]
    },
    {
      "mode": "managed",
      "type": "aws_acm_certificate",
      "name": "ssl_certificate",
      "provider": "provider[\"registry.terraform.io/hashicorp/aws\"]",
      "instances": [
        {
          "schema_version": 0,
          "attributes": {
            "arn": "arn:aws:acm:us-east-1:060313730244:certificate/f6e6dadf-e87e-485d-b8a5-4a917c49b5e9",
            "certificate_authority_arn": "",
            "certificate_body": null,
            "certificate_chain": null,
            "domain_name": "pauldesalvo.net",
            "domain_validation_options": [],
            "id": "arn:aws:acm:us-east-1:060313730244:certificate/f6e6dadf-e87e-485d-b8a5-4a917c49b5e9",
            "options": [
              {
                "certificate_transparency_logging_preference": "ENABLED"
              }
            ],
            "private_key": null,
            "status": "ISSUED",
            "subject_alternative_names": [
              "*.pauldesalvo.net"
            ],
            "tags": {},
            "tags_all": {},
            "validation_emails": [
              "admin-5454337@pauldesalvo.net.whoisprivacyservice.org",
              "admin@pauldesalvo.net",
              "administrator@pauldesalvo.net",
              "hostmaster@pauldesalvo.net",
              "owner-5454337@pauldesalvo.net.whoisprivacyservice.org",
              "postmaster@pauldesalvo.net",
              "tech-5454337@pauldesalvo.net.whoisprivacyservice.org",
              "webmaster@pauldesalvo.net",
              "admin-5454337@pauldesalvo.net.whoisprivacyservice.org",
              "admin@pauldesalvo.net",
              "administrator@pauldesalvo.net",
              "hostmaster@pauldesalvo.net",
              "owner-5454337@pauldesalvo.net.whoisprivacyservice.org",
              "postmaster@pauldesalvo.net",
              "tech-5454337@pauldesalvo.net.whoisprivacyservice.org",
              "webmaster@pauldesalvo.net"
            ],
            "validation_method": "EMAIL"
          },
          "sensitive_attributes": [],
          "private": "bnVsbA==",
          "create_before_destroy": true
        }
      ]
    },
    {
      "mode": "managed",
      "type": "aws_acm_certificate_validation",
      "name": "cert_validation",
      "provider": "provider[\"registry.terraform.io/hashicorp/aws\"]",
      "instances": [
        {
          "schema_version": 0,
          "attributes": {
            "certificate_arn": "arn:aws:acm:us-east-1:060313730244:certificate/f6e6dadf-e87e-485d-b8a5-4a917c49b5e9",
            "id": "2022-04-09 20:23:11.034 +0000 UTC",
            "timeouts": null,
            "validation_record_fqdns": null
          },
          "sensitive_attributes": [],
          "private": "eyJlMmJmYjczMC1lY2FhLTExZTYtOGY4OC0zNDM2M2JjN2M0YzAiOnsiY3JlYXRlIjoyNzAwMDAwMDAwMDAwfX0=",
          "dependencies": [
            "aws_acm_certificate.ssl_certificate"
          ]
        }
      ]
    },
    {
      "mode": "managed",
      "type": "aws_apigatewayv2_api",
      "name": "lambda-api",
      "provider": "provider[\"registry.terraform.io/hashicorp/aws\"]",
      "instances": [
        {
          "schema_version": 0,
          "attributes": {
            "api_endpoint": "https://qe3ljo9gz9.execute-api.us-east-1.amazonaws.com",
            "api_key_selection_expression": "$request.header.x-api-key",
            "arn": "arn:aws:apigateway:us-east-1::/apis/qe3ljo9gz9",
            "body": null,
            "cors_configuration": [],
            "credentials_arn": null,
            "description": "",
            "disable_execute_api_endpoint": false,
            "execution_arn": "arn:aws:execute-api:us-east-1:060313730244:qe3ljo9gz9",
            "fail_on_warnings": null,
            "id": "qe3ljo9gz9",
            "name": "v2-http-api",
            "protocol_type": "HTTP",
            "route_key": null,
            "route_selection_expression": "$request.method $request.path",
            "tags": {},
            "tags_all": {},
            "target": null,
            "version": ""
          },
          "sensitive_attributes": [],
          "private": "bnVsbA=="
        }
      ]
    },
    {
      "mode": "managed",
      "type": "aws_apigatewayv2_integration",
      "name": "lambda-integration",
      "provider": "provider[\"registry.terraform.io/hashicorp/aws\"]",
      "instances": [
        {
          "schema_version": 0,
          "attributes": {
            "api_id": "qe3ljo9gz9",
            "connection_id": "",
            "connection_type": "INTERNET",
            "content_handling_strategy": "",
            "credentials_arn": "",
            "description": "",
            "id": "vqqv8s6",
            "integration_method": "POST",
            "integration_response_selection_expression": "",
            "integration_subtype": "",
            "integration_type": "AWS_PROXY",
            "integration_uri": "arn:aws:apigateway:us-east-1:lambda:path/2015-03-31/functions/arn:aws:lambda:us-east-1:060313730244:function:dynodb-lambda-function/invocations",
            "passthrough_behavior": "",
            "payload_format_version": "1.0",
            "request_parameters": {},
            "request_templates": {},
            "response_parameters": [],
            "template_selection_expression": "",
            "timeout_milliseconds": 30000,
            "tls_config": []
          },
          "sensitive_attributes": [],
          "private": "bnVsbA==",
          "dependencies": [
            "aws_apigatewayv2_api.lambda-api",
            "aws_iam_role.iam_for_lambda",
            "aws_lambda_function.dynodb-lambda-function",
            "data.archive_file.lambda-zip"
          ]
        }
      ]
    },
    {
      "mode": "managed",
      "type": "aws_apigatewayv2_route",
      "name": "lambda_route",
      "provider": "provider[\"registry.terraform.io/hashicorp/aws\"]",
      "instances": [
        {
          "schema_version": 0,
          "attributes": {
            "api_id": "qe3ljo9gz9",
            "api_key_required": false,
            "authorization_scopes": null,
            "authorization_type": "NONE",
            "authorizer_id": "",
            "id": "yvsz84p",
            "model_selection_expression": "",
            "operation_name": "",
            "request_models": null,
            "request_parameter": [],
            "route_key": "GET /{proxy+}",
            "route_response_selection_expression": "",
            "target": "integrations/vqqv8s6"
          },
          "sensitive_attributes": [],
          "private": "bnVsbA==",
          "dependencies": [
            "aws_apigatewayv2_api.lambda-api",
            "aws_apigatewayv2_integration.lambda-integration"
          ]
        }
      ]
    },
    {
      "mode": "managed",
      "type": "aws_apigatewayv2_stage",
      "name": "lambda-stage",
      "provider": "provider[\"registry.terraform.io/hashicorp/aws\"]",
      "instances": [
        {
          "schema_version": 0,
          "attributes": {
            "access_log_settings": [],
            "api_id": "qe3ljo9gz9",
            "arn": "arn:aws:apigateway:us-east-1::/apis/qe3ljo9gz9/stages/$default",
            "auto_deploy": true,
            "client_certificate_id": "",
            "default_route_settings": [
              {
                "data_trace_enabled": false,
                "detailed_metrics_enabled": false,
                "logging_level": "",
                "throttling_burst_limit": 0,
                "throttling_rate_limit": 0
              }
            ],
            "deployment_id": "",
            "description": "",
            "execution_arn": "arn:aws:execute-api:us-east-1:060313730244:qe3ljo9gz9/$default",
            "id": "$default",
            "invoke_url": "https://qe3ljo9gz9.execute-api.us-east-1.amazonaws.com/",
            "name": "$default",
            "route_settings": [],
            "stage_variables": {},
            "tags": {},
            "tags_all": {}
          },
          "sensitive_attributes": [],
          "private": "bnVsbA==",
          "dependencies": [
            "aws_apigatewayv2_api.lambda-api"
          ]
        }
      ]
    },
    {
      "mode": "managed",
      "type": "aws_cloudfront_distribution",
      "name": "s3_distribution",
      "provider": "provider[\"registry.terraform.io/hashicorp/aws\"]",
      "instances": [
        {
          "schema_version": 1,
          "attributes": {
            "aliases": [
              "pauldesalvo.net"
            ],
            "arn": "arn:aws:cloudfront::060313730244:distribution/E20M0HBY07MWQK",
            "caller_reference": "terraform-20220409201200356200000003",
            "comment": null,
            "custom_error_response": [],
            "default_cache_behavior": [
              {
                "allowed_methods": [
                  "GET",
                  "HEAD"
                ],
                "cache_policy_id": "",
                "cached_methods": [
                  "GET",
                  "HEAD"
                ],
                "compress": true,
                "default_ttl": 86400,
                "field_level_encryption_id": "",
                "forwarded_values": [
                  {
                    "cookies": [
                      {
                        "forward": "none",
                        "whitelisted_names": []
                      }
                    ],
                    "headers": [
                      "Access-Control-Request-Headers",
                      "Access-Control-Request-Method",
                      "Origin"
                    ],
                    "query_string": false,
                    "query_string_cache_keys": []
                  }
                ],
                "function_association": [],
                "lambda_function_association": [],
                "max_ttl": 3153600,
                "min_ttl": 0,
                "origin_request_policy_id": "",
                "realtime_log_config_arn": "",
                "response_headers_policy_id": "",
                "smooth_streaming": false,
                "target_origin_id": "resume-pauldesalvo-bucket.s3-website-us-east-1.amazonaws.com",
                "trusted_key_groups": [],
                "trusted_signers": [],
                "viewer_protocol_policy": "redirect-to-https"
              }
            ],
            "default_root_object": "index.html",
            "domain_name": "d1ja1wzr15ll18.cloudfront.net",
            "enabled": true,
            "etag": "E15XN6YABJHG60",
            "hosted_zone_id": "Z2FDTNDATAQYW2",
            "http_version": "http2",
            "id": "E20M0HBY07MWQK",
            "in_progress_validation_batches": 0,
            "is_ipv6_enabled": true,
            "last_modified_time": "2022-05-03 23:52:18.846 +0000 UTC",
            "logging_config": [],
            "ordered_cache_behavior": [],
            "origin": [
              {
                "connection_attempts": 3,
                "connection_timeout": 10,
                "custom_header": [],
                "custom_origin_config": [],
                "domain_name": "resume-pauldesalvo-bucket.s3.amazonaws.com",
                "origin_id": "resume-pauldesalvo-bucket.s3-website-us-east-1.amazonaws.com",
                "origin_path": "",
                "origin_shield": [],
                "s3_origin_config": [
                  {
                    "origin_access_identity": "origin-access-identity/cloudfront/E2PNMZHM3WRDWP"
                  }
                ]
              }
            ],
            "origin_group": [],
            "price_class": "PriceClass_All",
            "restrictions": [
              {
                "geo_restriction": [
                  {
                    "locations": [],
                    "restriction_type": "none"
                  }
                ]
              }
            ],
            "retain_on_delete": false,
            "status": "Deployed",
            "tags": {},
            "tags_all": {},
            "trusted_key_groups": [
              {
                "enabled": false,
                "items": []
              }
            ],
            "trusted_signers": [
              {
                "enabled": false,
                "items": []
              }
            ],
            "viewer_certificate": [
              {
                "acm_certificate_arn": "arn:aws:acm:us-east-1:060313730244:certificate/f6e6dadf-e87e-485d-b8a5-4a917c49b5e9",
                "cloudfront_default_certificate": false,
                "iam_certificate_id": "",
                "minimum_protocol_version": "TLSv1.2_2019",
                "ssl_support_method": "sni-only"
              }
            ],
            "wait_for_deployment": true,
            "web_acl_id": ""
          },
          "sensitive_attributes": [],
          "private": "eyJzY2hlbWFfdmVyc2lvbiI6IjEifQ==",
          "dependencies": [
            "aws_acm_certificate.ssl_certificate",
            "aws_acm_certificate_validation.cert_validation",
            "aws_cloudfront_origin_access_identity.s3-bucket-oai",
            "aws_s3_bucket.resume-pauldesalvo-bucket"
          ]
        }
      ]
    },
    {
      "mode": "managed",
      "type": "aws_cloudfront_origin_access_identity",
      "name": "s3-bucket-oai",
      "provider": "provider[\"registry.terraform.io/hashicorp/aws\"]",
      "instances": [
        {
          "schema_version": 0,
          "attributes": {
            "caller_reference": "terraform-20220411214757966200000001",
            "cloudfront_access_identity_path": "origin-access-identity/cloudfront/E2PNMZHM3WRDWP",
            "comment": "s3-bucket-oai",
            "etag": "E1KMT4Y8SQ8FQ7",
            "iam_arn": "arn:aws:iam::cloudfront:user/CloudFront Origin Access Identity E2PNMZHM3WRDWP",
            "id": "E2PNMZHM3WRDWP",
            "s3_canonical_user_id": "ebffa875878065999b0608163c4fe6b8cfe5f1fc593725991c34e3c6f3daff50b6ad5ec5e451b39903034f2f3fd4e507"
          },
          "sensitive_attributes": [],
          "private": "bnVsbA=="
        }
      ]
    },
    {
      "mode": "managed",
      "type": "aws_dynamodb_table",
      "name": "website-visits-dynamodb-table",
      "provider": "provider[\"registry.terraform.io/hashicorp/aws\"]",
      "instances": [
        {
          "schema_version": 1,
          "attributes": {
            "arn": "arn:aws:dynamodb:us-east-1:060313730244:table/PageVisits",
            "attribute": [
              {
                "name": "PageVisits",
                "type": "S"
              },
              {
                "name": "VisitCount",
                "type": "N"
              }
            ],
            "billing_mode": "PROVISIONED",
            "global_secondary_index": [],
            "hash_key": "PageVisits",
            "id": "PageVisits",
            "local_secondary_index": [],
            "name": "PageVisits",
            "point_in_time_recovery": [
              {
                "enabled": false
              }
            ],
            "range_key": "VisitCount",
            "read_capacity": 1,
            "replica": [],
            "restore_date_time": null,
            "restore_source_name": null,
            "restore_to_latest_time": null,
            "server_side_encryption": [],
            "stream_arn": "",
            "stream_enabled": false,
            "stream_label": "",
            "stream_view_type": "",
            "table_class": "",
            "tags": {},
            "tags_all": {},
            "timeouts": null,
            "ttl": [
              {
                "attribute_name": "",
                "enabled": false
              }
            ],
            "write_capacity": 1
          },
          "sensitive_attributes": [],
          "private": "eyJlMmJmYjczMC1lY2FhLTExZTYtOGY4OC0zNDM2M2JjN2M0YzAiOnsiY3JlYXRlIjoxODAwMDAwMDAwMDAwLCJkZWxldGUiOjYwMDAwMDAwMDAwMCwidXBkYXRlIjozNjAwMDAwMDAwMDAwfSwic2NoZW1hX3ZlcnNpb24iOiIxIn0="
        }
      ]
    },
    {
      "mode": "managed",
      "type": "aws_iam_role",
      "name": "iam_for_lambda",
      "provider": "provider[\"registry.terraform.io/hashicorp/aws\"]",
      "instances": [
        {
          "schema_version": 0,
          "attributes": {
            "arn": "arn:aws:iam::060313730244:role/iam_for_lambda",
            "assume_role_policy": "{\"Version\":\"2012-10-17\",\"Statement\":[{\"Sid\":\"\",\"Effect\":\"Allow\",\"Principal\":{\"Service\":\"lambda.amazonaws.com\"},\"Action\":\"sts:AssumeRole\"}]}",
            "create_date": "2022-05-03T23:52:11Z",
            "description": "",
            "force_detach_policies": false,
            "id": "iam_for_lambda",
            "inline_policy": [
              {
                "name": "",
                "policy": ""
              }
            ],
            "managed_policy_arns": [],
            "max_session_duration": 3600,
            "name": "iam_for_lambda",
            "name_prefix": "",
            "path": "/",
            "permissions_boundary": null,
            "tags": {},
            "tags_all": {},
            "unique_id": "AROAQ4CX2PTCPLUHFROED"
          },
          "sensitive_attributes": [],
          "private": "bnVsbA=="
        }
      ]
    },
    {
      "mode": "managed",
      "type": "aws_lambda_function",
      "name": "dynodb-lambda-function",
      "provider": "provider[\"registry.terraform.io/hashicorp/aws\"]",
      "instances": [
        {
          "schema_version": 0,
          "attributes": {
            "architectures": [
              "x86_64"
            ],
            "arn": "arn:aws:lambda:us-east-1:060313730244:function:dynodb-lambda-function",
            "code_signing_config_arn": "",
            "dead_letter_config": [],
            "description": "",
            "environment": [],
            "file_system_config": [],
            "filename": "/tmp/lambda_zip_file.zip",
            "function_name": "dynodb-lambda-function",
            "handler": "dynodb-lambda-function.lambda_handler",
            "id": "dynodb-lambda-function",
            "image_config": [],
            "image_uri": "",
            "invoke_arn": "arn:aws:apigateway:us-east-1:lambda:path/2015-03-31/functions/arn:aws:lambda:us-east-1:060313730244:function:dynodb-lambda-function/invocations",
            "kms_key_arn": "",
            "last_modified": "2022-05-04T01:19:42.677+0000",
            "layers": [],
            "memory_size": 128,
            "package_type": "Zip",
            "publish": false,
            "qualified_arn": "arn:aws:lambda:us-east-1:060313730244:function:dynodb-lambda-function:$LATEST",
            "reserved_concurrent_executions": -1,
            "role": "arn:aws:iam::060313730244:role/iam_for_lambda",
            "runtime": "python3.8",
            "s3_bucket": null,
            "s3_key": null,
            "s3_object_version": null,
            "signing_job_arn": "",
            "signing_profile_version_arn": "",
            "source_code_hash": "mbIDfnQD0HkmrlKYONi8YaOu93RzUqyhWlXblC1A5to=",
            "source_code_size": 544,
            "tags": {},
            "tags_all": {},
            "timeout": 3,
            "timeouts": null,
            "tracing_config": [
              {
                "mode": "PassThrough"
              }
            ],
            "version": "$LATEST",
            "vpc_config": []
          },
          "sensitive_attributes": [],
          "private": "eyJlMmJmYjczMC1lY2FhLTExZTYtOGY4OC0zNDM2M2JjN2M0YzAiOnsiY3JlYXRlIjo2MDAwMDAwMDAwMDB9fQ==",
          "dependencies": [
            "aws_iam_role.iam_for_lambda",
            "data.archive_file.lambda-zip"
          ]
        }
      ]
    },
    {
      "mode": "managed",
      "type": "aws_lambda_permission",
      "name": "api-gw",
      "provider": "provider[\"registry.terraform.io/hashicorp/aws\"]",
      "instances": [
        {
          "schema_version": 0,
          "attributes": {
            "action": "lambda:InvokeFunction",
            "event_source_token": null,
            "function_name": "arn:aws:lambda:us-east-1:060313730244:function:dynodb-lambda-function",
            "id": "AllowedExecutionFromAPIGateway",
            "principal": "apigateway.amazonaws.com",
            "qualifier": "",
            "source_account": null,
            "source_arn": "arn:aws:execute-api:us-east-1:060313730244:qe3ljo9gz9/*/*/*",
            "statement_id": "AllowedExecutionFromAPIGateway",
            "statement_id_prefix": null
          },
          "sensitive_attributes": [],
          "private": "bnVsbA==",
          "dependencies": [
            "aws_apigatewayv2_api.lambda-api",
            "aws_iam_role.iam_for_lambda",
            "aws_lambda_function.dynodb-lambda-function",
            "data.archive_file.lambda-zip"
          ]
        }
      ]
    },
    {
      "mode": "managed",
      "type": "aws_route53_record",
      "name": "root-a",
      "provider": "provider[\"registry.terraform.io/hashicorp/aws\"]",
      "instances": [
        {
          "schema_version": 2,
          "attributes": {
            "alias": [
              {
                "evaluate_target_health": true,
                "name": "d1ja1wzr15ll18.cloudfront.net",
                "zone_id": "Z2FDTNDATAQYW2"
              }
            ],
            "allow_overwrite": null,
            "failover_routing_policy": [],
            "fqdn": "pauldesalvo.net",
            "geolocation_routing_policy": [],
            "health_check_id": "",
            "id": "Z03502948XJD0ALD4JQ_pauldesalvo.net_A",
            "latency_routing_policy": [],
            "multivalue_answer_routing_policy": null,
            "name": "pauldesalvo.net",
            "records": [],
            "set_identifier": "",
            "ttl": 0,
            "type": "A",
            "weighted_routing_policy": [],
            "zone_id": "Z03502948XJD0ALD4JQ"
          },
          "sensitive_attributes": [],
          "private": "eyJzY2hlbWFfdmVyc2lvbiI6IjIifQ==",
          "dependencies": [
            "aws_acm_certificate.ssl_certificate",
            "aws_acm_certificate_validation.cert_validation",
            "aws_cloudfront_distribution.s3_distribution",
            "aws_cloudfront_origin_access_identity.s3-bucket-oai",
            "aws_route53_zone.main",
            "aws_s3_bucket.resume-pauldesalvo-bucket"
          ]
        }
      ]
    },
    {
      "mode": "managed",
      "type": "aws_route53_zone",
      "name": "main",
      "provider": "provider[\"registry.terraform.io/hashicorp/aws\"]",
      "instances": [
        {
          "schema_version": 0,
          "attributes": {
            "arn": "arn:aws:route53:::hostedzone/Z03502948XJD0ALD4JQ",
            "comment": "Managed by Terraform",
            "delegation_set_id": "",
            "force_destroy": false,
            "id": "Z03502948XJD0ALD4JQ",
            "name": "pauldesalvo.net",
            "name_servers": [
              "ns-1102.awsdns-09.org",
              "ns-1864.awsdns-41.co.uk",
              "ns-436.awsdns-54.com",
              "ns-879.awsdns-45.net"
            ],
            "tags": {},
            "tags_all": {},
            "vpc": [],
            "zone_id": "Z03502948XJD0ALD4JQ"
          },
          "sensitive_attributes": [],
          "private": "bnVsbA=="
        }
      ]
    },
    {
      "mode": "managed",
      "type": "aws_s3_bucket",
      "name": "resume-pauldesalvo-bucket",
      "provider": "provider[\"registry.terraform.io/hashicorp/aws\"]",
      "instances": [
        {
          "schema_version": 0,
          "attributes": {
            "acceleration_status": "",
            "acl": "private",
            "arn": "arn:aws:s3:::resume-pauldesalvo-bucket",
            "bucket": "resume-pauldesalvo-bucket",
            "bucket_domain_name": "resume-pauldesalvo-bucket.s3.amazonaws.com",
            "bucket_prefix": null,
            "bucket_regional_domain_name": "resume-pauldesalvo-bucket.s3.amazonaws.com",
            "cors_rule": [],
            "force_destroy": false,
            "grant": [],
            "hosted_zone_id": "Z3AQBSTGFYJSTF",
            "id": "resume-pauldesalvo-bucket",
            "lifecycle_rule": [],
            "logging": [],
            "object_lock_configuration": [],
            "object_lock_enabled": false,
            "policy": "",
            "region": "us-east-1",
            "replication_configuration": [],
            "request_payer": "BucketOwner",
            "server_side_encryption_configuration": [],
            "tags": {},
            "tags_all": {},
            "versioning": [
              {
                "enabled": false,
                "mfa_delete": false
              }
            ],
            "website": [],
            "website_domain": "",
            "website_endpoint": ""
          },
          "sensitive_attributes": [],
          "private": "bnVsbA=="
        }
      ]
    },
    {
      "mode": "managed",
      "type": "aws_s3_bucket_acl",
      "name": "resume-pauldesalvo-bucket-acl",
      "provider": "provider[\"registry.terraform.io/hashicorp/aws\"]",
      "instances": [
        {
          "schema_version": 0,
          "attributes": {
            "access_control_policy": [
              {
                "grant": [
                  {
                    "grantee": [
                      {
                        "display_name": "desalvopaulj",
                        "email_address": "",
                        "id": "110f4fda4dcf3c68d382fb24713d48c30711b2128ac303cac727682cb61a56b5",
                        "type": "CanonicalUser",
                        "uri": ""
                      }
                    ],
                    "permission": "FULL_CONTROL"
                  }
                ],
                "owner": [
                  {
                    "display_name": "desalvopaulj",
                    "id": "110f4fda4dcf3c68d382fb24713d48c30711b2128ac303cac727682cb61a56b5"
                  }
                ]
              }
            ],
            "acl": "public-read",
            "bucket": "resume-pauldesalvo-bucket",
            "expected_bucket_owner": "",
            "id": "resume-pauldesalvo-bucket,public-read"
          },
          "sensitive_attributes": [],
          "private": "bnVsbA==",
          "dependencies": [
            "aws_s3_bucket.resume-pauldesalvo-bucket"
          ]
        }
      ]
    },
    {
      "mode": "managed",
      "type": "aws_s3_bucket_cors_configuration",
      "name": "cors-config-resume-pauldesalvo-bucket",
      "provider": "provider[\"registry.terraform.io/hashicorp/aws\"]",
      "instances": [
        {
          "schema_version": 0,
          "attributes": {
            "bucket": "resume-pauldesalvo-bucket",
            "cors_rule": [
              {
                "allowed_headers": [
                  "Authorization"
                ],
                "allowed_methods": [
                  "GET"
                ],
                "allowed_origins": [
                  "pauldesalvo.net"
                ],
                "expose_headers": [
                  "Access-Control-Allow-Origin"
                ],
                "id": "",
                "max_age_seconds": 3000
              }
            ],
            "expected_bucket_owner": "",
            "id": "resume-pauldesalvo-bucket"
          },
          "sensitive_attributes": [],
          "private": "bnVsbA==",
          "dependencies": [
            "aws_s3_bucket.resume-pauldesalvo-bucket"
          ]
        }
      ]
    },
    {
      "mode": "managed",
      "type": "aws_s3_bucket_policy",
      "name": "read_resume_website",
      "provider": "provider[\"registry.terraform.io/hashicorp/aws\"]",
      "instances": [
        {
          "schema_version": 0,
          "attributes": {
            "bucket": "resume-pauldesalvo-bucket",
            "id": "resume-pauldesalvo-bucket",
            "policy": "{\"Statement\":[{\"Action\":\"s3:GetObject\",\"Effect\":\"Allow\",\"Principal\":{\"AWS\":\"arn:aws:iam::cloudfront:user/CloudFront Origin Access Identity E2PNMZHM3WRDWP\"},\"Resource\":[\"arn:aws:s3:::resume-pauldesalvo-bucket/*\",\"arn:aws:s3:::resume-pauldesalvo-bucket\"],\"Sid\":\"\"}],\"Version\":\"2012-10-17\"}"
          },
          "sensitive_attributes": [],
          "private": "bnVsbA==",
          "dependencies": [
            "aws_cloudfront_origin_access_identity.s3-bucket-oai",
            "aws_s3_bucket.resume-pauldesalvo-bucket",
            "data.aws_iam_policy_document.s3_policy"
          ]
        }
      ]
    },
    {
      "mode": "managed",
      "type": "aws_s3_bucket_website_configuration",
      "name": "resume-website",
      "provider": "provider[\"registry.terraform.io/hashicorp/aws\"]",
      "instances": [
        {
          "schema_version": 0,
          "attributes": {
            "bucket": "resume-pauldesalvo-bucket",
            "error_document": [],
            "expected_bucket_owner": "",
            "id": "resume-pauldesalvo-bucket",
            "index_document": [
              {
                "suffix": "index.html"
              }
            ],
            "redirect_all_requests_to": [],
            "routing_rule": [],
            "website_domain": "s3-website-us-east-1.amazonaws.com",
            "website_endpoint": "resume-pauldesalvo-bucket.s3-website-us-east-1.amazonaws.com"
          },
          "sensitive_attributes": [],
          "private": "bnVsbA==",
          "dependencies": [
            "aws_s3_bucket.resume-pauldesalvo-bucket"
          ]
        }
      ]
    }
  ]
}
